// !$*UTF8*$!
{
	archiveVersion = 1;
	classes = {
	};
	objectVersion = 56;
	objects = {

/* Begin PBXBuildFile section */
		00CDE5DDBB52F7E490CD39F5 /* Pods_DoOrDie.framework in Frameworks */ = {isa = PBXBuildFile; fileRef = E162558981DBD6E4A888C6FF /* Pods_DoOrDie.framework */; };
		710C22DD2A671FB10011ED28 /* NunitoSans-ExtraBold.ttf in Resources */ = {isa = PBXBuildFile; fileRef = 710C22CE2A671FB10011ED28 /* NunitoSans-ExtraBold.ttf */; };
		710C22DE2A671FB10011ED28 /* NunitoSans-BlackItalic.ttf in Resources */ = {isa = PBXBuildFile; fileRef = 710C22CF2A671FB10011ED28 /* NunitoSans-BlackItalic.ttf */; };
		710C22DF2A671FB10011ED28 /* NunitoSans-BoldItalic.ttf in Resources */ = {isa = PBXBuildFile; fileRef = 710C22D02A671FB10011ED28 /* NunitoSans-BoldItalic.ttf */; };
		710C22E02A671FB10011ED28 /* NunitoSans-ExtraBoldItalic.ttf in Resources */ = {isa = PBXBuildFile; fileRef = 710C22D12A671FB10011ED28 /* NunitoSans-ExtraBoldItalic.ttf */; };
		710C22E12A671FB10011ED28 /* NunitoSans-SemiBoldItalic.ttf in Resources */ = {isa = PBXBuildFile; fileRef = 710C22D22A671FB10011ED28 /* NunitoSans-SemiBoldItalic.ttf */; };
		710C22E22A671FB10011ED28 /* NunitoSans-Black.ttf in Resources */ = {isa = PBXBuildFile; fileRef = 710C22D32A671FB10011ED28 /* NunitoSans-Black.ttf */; };
		710C22E32A671FB10011ED28 /* NunitoSans-Bold.ttf in Resources */ = {isa = PBXBuildFile; fileRef = 710C22D42A671FB10011ED28 /* NunitoSans-Bold.ttf */; };
		710C22E42A671FB10011ED28 /* NunitoSans-ExtraLight.ttf in Resources */ = {isa = PBXBuildFile; fileRef = 710C22D52A671FB10011ED28 /* NunitoSans-ExtraLight.ttf */; };
		710C22E52A671FB10011ED28 /* NunitoSans-Regular.ttf in Resources */ = {isa = PBXBuildFile; fileRef = 710C22D62A671FB10011ED28 /* NunitoSans-Regular.ttf */; };
		710C22E62A671FB10011ED28 /* NunitoSans-ExtraLightItalic.ttf in Resources */ = {isa = PBXBuildFile; fileRef = 710C22D72A671FB10011ED28 /* NunitoSans-ExtraLightItalic.ttf */; };
		710C22E72A671FB10011ED28 /* NunitoSans-Italic.ttf in Resources */ = {isa = PBXBuildFile; fileRef = 710C22D82A671FB10011ED28 /* NunitoSans-Italic.ttf */; };
		710C22E82A671FB10011ED28 /* NunitoSans-Light.ttf in Resources */ = {isa = PBXBuildFile; fileRef = 710C22D92A671FB10011ED28 /* NunitoSans-Light.ttf */; };
		710C22E92A671FB10011ED28 /* SIL Open Font License.txt in Resources */ = {isa = PBXBuildFile; fileRef = 710C22DA2A671FB10011ED28 /* SIL Open Font License.txt */; };
		710C22EA2A671FB10011ED28 /* NunitoSans-LightItalic.ttf in Resources */ = {isa = PBXBuildFile; fileRef = 710C22DB2A671FB10011ED28 /* NunitoSans-LightItalic.ttf */; };
		710C22EB2A671FB10011ED28 /* NunitoSans-SemiBold.ttf in Resources */ = {isa = PBXBuildFile; fileRef = 710C22DC2A671FB10011ED28 /* NunitoSans-SemiBold.ttf */; };
		712611EB2A6B2F6400EACFF9 /* CustomCalendar.swift in Sources */ = {isa = PBXBuildFile; fileRef = 712611EA2A6B2F6400EACFF9 /* CustomCalendar.swift */; };
		713807732A66D3F1007B03B8 /* AppDelegate.swift in Sources */ = {isa = PBXBuildFile; fileRef = 713807722A66D3F1007B03B8 /* AppDelegate.swift */; };
		713807752A66D3F1007B03B8 /* SceneDelegate.swift in Sources */ = {isa = PBXBuildFile; fileRef = 713807742A66D3F1007B03B8 /* SceneDelegate.swift */; };
		713807772A66D3F1007B03B8 /* MainPageViewController.swift in Sources */ = {isa = PBXBuildFile; fileRef = 713807762A66D3F1007B03B8 /* MainPageViewController.swift */; };
		7138077C2A66D3F3007B03B8 /* Assets.xcassets in Resources */ = {isa = PBXBuildFile; fileRef = 7138077B2A66D3F3007B03B8 /* Assets.xcassets */; };
		7138077F2A66D3F3007B03B8 /* LaunchScreen.storyboard in Resources */ = {isa = PBXBuildFile; fileRef = 7138077D2A66D3F3007B03B8 /* LaunchScreen.storyboard */; };
		715EC35A2A792CE100E02306 /* AccountPageViewController.swift in Sources */ = {isa = PBXBuildFile; fileRef = 715EC3592A792CE100E02306 /* AccountPageViewController.swift */; };
		719489402A6B221800B88036 /* CalendarViewController.swift in Sources */ = {isa = PBXBuildFile; fileRef = 7194893F2A6B221800B88036 /* CalendarViewController.swift */; };
		71A6FDCE2A7123190085C5AE /* MenuViewController.swift in Sources */ = {isa = PBXBuildFile; fileRef = 71A6FDCD2A7123190085C5AE /* MenuViewController.swift */; };
		71A6FDD02A7128FA0085C5AE /* CellForMenuTableView.swift in Sources */ = {isa = PBXBuildFile; fileRef = 71A6FDCF2A7128FA0085C5AE /* CellForMenuTableView.swift */; };
		71A6FDD42A714F4F0085C5AE /* BasketPageViewController.swift in Sources */ = {isa = PBXBuildFile; fileRef = 71A6FDD32A714F4E0085C5AE /* BasketPageViewController.swift */; };
		71A6FDD62A7153F20085C5AE /* DeletedTasksCell.swift in Sources */ = {isa = PBXBuildFile; fileRef = 71A6FDD52A7153F20085C5AE /* DeletedTasksCell.swift */; };
		71B7ACE32A6D430F00AB2588 /* ParticularTasksOfCategoryVIewController.swift in Sources */ = {isa = PBXBuildFile; fileRef = 71B7ACE22A6D430F00AB2588 /* ParticularTasksOfCategoryVIewController.swift */; };
		71B7ACE62A6D441500AB2588 /* TaskModel.swift in Sources */ = {isa = PBXBuildFile; fileRef = 71B7ACE52A6D441500AB2588 /* TaskModel.swift */; };
		71B7ACE92A6D4A2B00AB2588 /* ParticularTableViewCell.swift in Sources */ = {isa = PBXBuildFile; fileRef = 71B7ACE82A6D4A2B00AB2588 /* ParticularTableViewCell.swift */; };
		71E772532A6959440058068A /* TasksCollectionViewCell.swift in Sources */ = {isa = PBXBuildFile; fileRef = 71E772522A6959440058068A /* TasksCollectionViewCell.swift */; };
		71E772562A696EFD0058068A /* Resources.swift in Sources */ = {isa = PBXBuildFile; fileRef = 71E772552A696EFD0058068A /* Resources.swift */; };
		71E772582A698B020058068A /* MeetingsCollectionViewCell.swift in Sources */ = {isa = PBXBuildFile; fileRef = 71E772572A698B020058068A /* MeetingsCollectionViewCell.swift */; };
		71E7725A2A699E650058068A /* AddNewTaskViewController.swift in Sources */ = {isa = PBXBuildFile; fileRef = 71E772592A699E650058068A /* AddNewTaskViewController.swift */; };
		71ED0AAB2A77E6800028B4CF /* MainPageContainerViewController.swift in Sources */ = {isa = PBXBuildFile; fileRef = 71ED0AAA2A77E6800028B4CF /* MainPageContainerViewController.swift */; };
/* End PBXBuildFile section */

/* Begin PBXFileReference section */
		710C22CE2A671FB10011ED28 /* NunitoSans-ExtraBold.ttf */ = {isa = PBXFileReference; lastKnownFileType = file; name = "NunitoSans-ExtraBold.ttf"; path = "../../../../../../Desktop/fonts/nunito-sans/NunitoSans-ExtraBold.ttf"; sourceTree = "<group>"; };
		710C22CF2A671FB10011ED28 /* NunitoSans-BlackItalic.ttf */ = {isa = PBXFileReference; lastKnownFileType = file; name = "NunitoSans-BlackItalic.ttf"; path = "../../../../../../Desktop/fonts/nunito-sans/NunitoSans-BlackItalic.ttf"; sourceTree = "<group>"; };
		710C22D02A671FB10011ED28 /* NunitoSans-BoldItalic.ttf */ = {isa = PBXFileReference; lastKnownFileType = file; name = "NunitoSans-BoldItalic.ttf"; path = "../../../../../../Desktop/fonts/nunito-sans/NunitoSans-BoldItalic.ttf"; sourceTree = "<group>"; };
		710C22D12A671FB10011ED28 /* NunitoSans-ExtraBoldItalic.ttf */ = {isa = PBXFileReference; lastKnownFileType = file; name = "NunitoSans-ExtraBoldItalic.ttf"; path = "../../../../../../Desktop/fonts/nunito-sans/NunitoSans-ExtraBoldItalic.ttf"; sourceTree = "<group>"; };
		710C22D22A671FB10011ED28 /* NunitoSans-SemiBoldItalic.ttf */ = {isa = PBXFileReference; lastKnownFileType = file; name = "NunitoSans-SemiBoldItalic.ttf"; path = "../../../../../../Desktop/fonts/nunito-sans/NunitoSans-SemiBoldItalic.ttf"; sourceTree = "<group>"; };
		710C22D32A671FB10011ED28 /* NunitoSans-Black.ttf */ = {isa = PBXFileReference; lastKnownFileType = file; name = "NunitoSans-Black.ttf"; path = "../../../../../../Desktop/fonts/nunito-sans/NunitoSans-Black.ttf"; sourceTree = "<group>"; };
		710C22D42A671FB10011ED28 /* NunitoSans-Bold.ttf */ = {isa = PBXFileReference; lastKnownFileType = file; name = "NunitoSans-Bold.ttf"; path = "../../../../../../Desktop/fonts/nunito-sans/NunitoSans-Bold.ttf"; sourceTree = "<group>"; };
		710C22D52A671FB10011ED28 /* NunitoSans-ExtraLight.ttf */ = {isa = PBXFileReference; lastKnownFileType = file; name = "NunitoSans-ExtraLight.ttf"; path = "../../../../../../Desktop/fonts/nunito-sans/NunitoSans-ExtraLight.ttf"; sourceTree = "<group>"; };
		710C22D62A671FB10011ED28 /* NunitoSans-Regular.ttf */ = {isa = PBXFileReference; lastKnownFileType = file; name = "NunitoSans-Regular.ttf"; path = "../../../../../../Desktop/fonts/nunito-sans/NunitoSans-Regular.ttf"; sourceTree = "<group>"; };
		710C22D72A671FB10011ED28 /* NunitoSans-ExtraLightItalic.ttf */ = {isa = PBXFileReference; lastKnownFileType = file; name = "NunitoSans-ExtraLightItalic.ttf"; path = "../../../../../../Desktop/fonts/nunito-sans/NunitoSans-ExtraLightItalic.ttf"; sourceTree = "<group>"; };
		710C22D82A671FB10011ED28 /* NunitoSans-Italic.ttf */ = {isa = PBXFileReference; lastKnownFileType = file; name = "NunitoSans-Italic.ttf"; path = "../../../../../../Desktop/fonts/nunito-sans/NunitoSans-Italic.ttf"; sourceTree = "<group>"; };
		710C22D92A671FB10011ED28 /* NunitoSans-Light.ttf */ = {isa = PBXFileReference; lastKnownFileType = file; name = "NunitoSans-Light.ttf"; path = "../../../../../../Desktop/fonts/nunito-sans/NunitoSans-Light.ttf"; sourceTree = "<group>"; };
		710C22DA2A671FB10011ED28 /* SIL Open Font License.txt */ = {isa = PBXFileReference; fileEncoding = 4; lastKnownFileType = text; name = "SIL Open Font License.txt"; path = "../../../../../../Desktop/fonts/nunito-sans/SIL Open Font License.txt"; sourceTree = "<group>"; };
		710C22DB2A671FB10011ED28 /* NunitoSans-LightItalic.ttf */ = {isa = PBXFileReference; lastKnownFileType = file; name = "NunitoSans-LightItalic.ttf"; path = "../../../../../../Desktop/fonts/nunito-sans/NunitoSans-LightItalic.ttf"; sourceTree = "<group>"; };
		710C22DC2A671FB10011ED28 /* NunitoSans-SemiBold.ttf */ = {isa = PBXFileReference; lastKnownFileType = file; name = "NunitoSans-SemiBold.ttf"; path = "../../../../../../Desktop/fonts/nunito-sans/NunitoSans-SemiBold.ttf"; sourceTree = "<group>"; };
		712611EA2A6B2F6400EACFF9 /* CustomCalendar.swift */ = {isa = PBXFileReference; lastKnownFileType = sourcecode.swift; path = CustomCalendar.swift; sourceTree = "<group>"; };
		7138076F2A66D3F1007B03B8 /* DoOrDie.app */ = {isa = PBXFileReference; explicitFileType = wrapper.application; includeInIndex = 0; path = DoOrDie.app; sourceTree = BUILT_PRODUCTS_DIR; };
		713807722A66D3F1007B03B8 /* AppDelegate.swift */ = {isa = PBXFileReference; lastKnownFileType = sourcecode.swift; path = AppDelegate.swift; sourceTree = "<group>"; };
		713807742A66D3F1007B03B8 /* SceneDelegate.swift */ = {isa = PBXFileReference; lastKnownFileType = sourcecode.swift; path = SceneDelegate.swift; sourceTree = "<group>"; };
		713807762A66D3F1007B03B8 /* MainPageViewController.swift */ = {isa = PBXFileReference; lastKnownFileType = sourcecode.swift; path = MainPageViewController.swift; sourceTree = "<group>"; };
		7138077B2A66D3F3007B03B8 /* Assets.xcassets */ = {isa = PBXFileReference; lastKnownFileType = folder.assetcatalog; path = Assets.xcassets; sourceTree = "<group>"; };
		7138077E2A66D3F3007B03B8 /* Base */ = {isa = PBXFileReference; lastKnownFileType = file.storyboard; name = Base; path = Base.lproj/LaunchScreen.storyboard; sourceTree = "<group>"; };
		713807802A66D3F3007B03B8 /* Info.plist */ = {isa = PBXFileReference; lastKnownFileType = text.plist.xml; path = Info.plist; sourceTree = "<group>"; };
		715EC3592A792CE100E02306 /* AccountPageViewController.swift */ = {isa = PBXFileReference; lastKnownFileType = sourcecode.swift; path = AccountPageViewController.swift; sourceTree = "<group>"; };
		7194893F2A6B221800B88036 /* CalendarViewController.swift */ = {isa = PBXFileReference; lastKnownFileType = sourcecode.swift; path = CalendarViewController.swift; sourceTree = "<group>"; };
		71A6FDCD2A7123190085C5AE /* MenuViewController.swift */ = {isa = PBXFileReference; lastKnownFileType = sourcecode.swift; path = MenuViewController.swift; sourceTree = "<group>"; };
		71A6FDCF2A7128FA0085C5AE /* CellForMenuTableView.swift */ = {isa = PBXFileReference; lastKnownFileType = sourcecode.swift; path = CellForMenuTableView.swift; sourceTree = "<group>"; };
		71A6FDD32A714F4E0085C5AE /* BasketPageViewController.swift */ = {isa = PBXFileReference; lastKnownFileType = sourcecode.swift; path = BasketPageViewController.swift; sourceTree = "<group>"; };
		71A6FDD52A7153F20085C5AE /* DeletedTasksCell.swift */ = {isa = PBXFileReference; lastKnownFileType = sourcecode.swift; path = DeletedTasksCell.swift; sourceTree = "<group>"; };
		71B7ACE22A6D430F00AB2588 /* ParticularTasksOfCategoryVIewController.swift */ = {isa = PBXFileReference; lastKnownFileType = sourcecode.swift; path = ParticularTasksOfCategoryVIewController.swift; sourceTree = "<group>"; };
		71B7ACE52A6D441500AB2588 /* TaskModel.swift */ = {isa = PBXFileReference; lastKnownFileType = sourcecode.swift; path = TaskModel.swift; sourceTree = "<group>"; };
		71B7ACE82A6D4A2B00AB2588 /* ParticularTableViewCell.swift */ = {isa = PBXFileReference; lastKnownFileType = sourcecode.swift; path = ParticularTableViewCell.swift; sourceTree = "<group>"; };
		71E772522A6959440058068A /* TasksCollectionViewCell.swift */ = {isa = PBXFileReference; lastKnownFileType = sourcecode.swift; path = TasksCollectionViewCell.swift; sourceTree = "<group>"; };
		71E772552A696EFD0058068A /* Resources.swift */ = {isa = PBXFileReference; lastKnownFileType = sourcecode.swift; path = Resources.swift; sourceTree = "<group>"; };
		71E772572A698B020058068A /* MeetingsCollectionViewCell.swift */ = {isa = PBXFileReference; lastKnownFileType = sourcecode.swift; path = MeetingsCollectionViewCell.swift; sourceTree = "<group>"; };
		71E772592A699E650058068A /* AddNewTaskViewController.swift */ = {isa = PBXFileReference; lastKnownFileType = sourcecode.swift; path = AddNewTaskViewController.swift; sourceTree = "<group>"; };
		71ED0AAA2A77E6800028B4CF /* MainPageContainerViewController.swift */ = {isa = PBXFileReference; lastKnownFileType = sourcecode.swift; path = MainPageContainerViewController.swift; sourceTree = "<group>"; };
		A9BCCCD2418646EA64EEB479 /* Pods-DoOrDie.debug.xcconfig */ = {isa = PBXFileReference; includeInIndex = 1; lastKnownFileType = text.xcconfig; name = "Pods-DoOrDie.debug.xcconfig"; path = "Target Support Files/Pods-DoOrDie/Pods-DoOrDie.debug.xcconfig"; sourceTree = "<group>"; };
		CF00326B0674DB686AAA8581 /* Pods-DoOrDie.release.xcconfig */ = {isa = PBXFileReference; includeInIndex = 1; lastKnownFileType = text.xcconfig; name = "Pods-DoOrDie.release.xcconfig"; path = "Target Support Files/Pods-DoOrDie/Pods-DoOrDie.release.xcconfig"; sourceTree = "<group>"; };
		E162558981DBD6E4A888C6FF /* Pods_DoOrDie.framework */ = {isa = PBXFileReference; explicitFileType = wrapper.framework; includeInIndex = 0; path = Pods_DoOrDie.framework; sourceTree = BUILT_PRODUCTS_DIR; };
/* End PBXFileReference section */

/* Begin PBXFrameworksBuildPhase section */
		7138076C2A66D3F1007B03B8 /* Frameworks */ = {
			isa = PBXFrameworksBuildPhase;
			buildActionMask = 2147483647;
			files = (
				00CDE5DDBB52F7E490CD39F5 /* Pods_DoOrDie.framework in Frameworks */,
			);
			runOnlyForDeploymentPostprocessing = 0;
		};
/* End PBXFrameworksBuildPhase section */

/* Begin PBXGroup section */
		6F53E53D44490CBB9C590178 /* Frameworks */ = {
			isa = PBXGroup;
			children = (
				E162558981DBD6E4A888C6FF /* Pods_DoOrDie.framework */,
			);
			name = Frameworks;
			sourceTree = "<group>";
		};
		710C22CD2A671F9F0011ED28 /* Font */ = {
			isa = PBXGroup;
			children = (
				710C22D32A671FB10011ED28 /* NunitoSans-Black.ttf */,
				710C22CF2A671FB10011ED28 /* NunitoSans-BlackItalic.ttf */,
				710C22D42A671FB10011ED28 /* NunitoSans-Bold.ttf */,
				710C22D02A671FB10011ED28 /* NunitoSans-BoldItalic.ttf */,
				710C22CE2A671FB10011ED28 /* NunitoSans-ExtraBold.ttf */,
				710C22D12A671FB10011ED28 /* NunitoSans-ExtraBoldItalic.ttf */,
				710C22D52A671FB10011ED28 /* NunitoSans-ExtraLight.ttf */,
				710C22D72A671FB10011ED28 /* NunitoSans-ExtraLightItalic.ttf */,
				710C22D82A671FB10011ED28 /* NunitoSans-Italic.ttf */,
				710C22D92A671FB10011ED28 /* NunitoSans-Light.ttf */,
				710C22DB2A671FB10011ED28 /* NunitoSans-LightItalic.ttf */,
				710C22D62A671FB10011ED28 /* NunitoSans-Regular.ttf */,
				710C22DC2A671FB10011ED28 /* NunitoSans-SemiBold.ttf */,
				710C22D22A671FB10011ED28 /* NunitoSans-SemiBoldItalic.ttf */,
				710C22DA2A671FB10011ED28 /* SIL Open Font License.txt */,
			);
			path = Font;
			sourceTree = "<group>";
		};
		713807662A66D3F0007B03B8 = {
			isa = PBXGroup;
			children = (
				713807712A66D3F1007B03B8 /* DoOrDie */,
				713807702A66D3F1007B03B8 /* Products */,
				F27ECAC5EAF805A65A51F337 /* Pods */,
				6F53E53D44490CBB9C590178 /* Frameworks */,
			);
			sourceTree = "<group>";
		};
		713807702A66D3F1007B03B8 /* Products */ = {
			isa = PBXGroup;
			children = (
				7138076F2A66D3F1007B03B8 /* DoOrDie.app */,
			);
			name = Products;
			sourceTree = "<group>";
		};
		713807712A66D3F1007B03B8 /* DoOrDie */ = {
			isa = PBXGroup;
			children = (
				71B7ACE42A6D43FE00AB2588 /* Model */,
				71E772542A696EE60058068A /* Resources */,
				713807872A66D70C007B03B8 /* Application */,
				71E772502A6959140058068A /* ViewControllers */,
				713807862A66D6E1007B03B8 /* SupportingFiles */,
			);
			path = DoOrDie;
			sourceTree = "<group>";
		};
		713807862A66D6E1007B03B8 /* SupportingFiles */ = {
			isa = PBXGroup;
			children = (
				710C22CD2A671F9F0011ED28 /* Font */,
				7138077B2A66D3F3007B03B8 /* Assets.xcassets */,
				7138077D2A66D3F3007B03B8 /* LaunchScreen.storyboard */,
				713807802A66D3F3007B03B8 /* Info.plist */,
			);
			path = SupportingFiles;
			sourceTree = "<group>";
		};
		713807872A66D70C007B03B8 /* Application */ = {
			isa = PBXGroup;
			children = (
				713807722A66D3F1007B03B8 /* AppDelegate.swift */,
				713807742A66D3F1007B03B8 /* SceneDelegate.swift */,
			);
			path = Application;
			sourceTree = "<group>";
		};
		715EC3582A792CA600E02306 /* AccountPage */ = {
			isa = PBXGroup;
			children = (
				715EC3592A792CE100E02306 /* AccountPageViewController.swift */,
			);
			path = AccountPage;
			sourceTree = "<group>";
		};
		7194893D2A6B21D800B88036 /* AddNewTaskPage */ = {
			isa = PBXGroup;
			children = (
				71E772592A699E650058068A /* AddNewTaskViewController.swift */,
			);
			path = AddNewTaskPage;
			sourceTree = "<group>";
		};
		7194893E2A6B21EE00B88036 /* CalendarPage */ = {
			isa = PBXGroup;
			children = (
				7194893F2A6B221800B88036 /* CalendarViewController.swift */,
				712611EA2A6B2F6400EACFF9 /* CustomCalendar.swift */,
			);
			path = CalendarPage;
			sourceTree = "<group>";
		};
		71A6FDD12A7140850085C5AE /* MenuForMainMage */ = {
			isa = PBXGroup;
			children = (
				71A6FDCD2A7123190085C5AE /* MenuViewController.swift */,
				71A6FDCF2A7128FA0085C5AE /* CellForMenuTableView.swift */,
				71A6FDD22A714F370085C5AE /* BasketPage */,
				715EC3582A792CA600E02306 /* AccountPage */,
			);
			path = MenuForMainMage;
			sourceTree = "<group>";
		};
		71A6FDD22A714F370085C5AE /* BasketPage */ = {
			isa = PBXGroup;
			children = (
				71A6FDD32A714F4E0085C5AE /* BasketPageViewController.swift */,
				71A6FDD52A7153F20085C5AE /* DeletedTasksCell.swift */,
			);
			path = BasketPage;
			sourceTree = "<group>";
		};
		71B7ACE42A6D43FE00AB2588 /* Model */ = {
			isa = PBXGroup;
			children = (
				71B7ACE52A6D441500AB2588 /* TaskModel.swift */,
			);
			path = Model;
			sourceTree = "<group>";
		};
		71B7ACE72A6D49FB00AB2588 /* ParticularTasksOfCategory */ = {
			isa = PBXGroup;
			children = (
				71B7ACE22A6D430F00AB2588 /* ParticularTasksOfCategoryVIewController.swift */,
				71B7ACE82A6D4A2B00AB2588 /* ParticularTableViewCell.swift */,
			);
			path = ParticularTasksOfCategory;
			sourceTree = "<group>";
		};
		71E772502A6959140058068A /* ViewControllers */ = {
			isa = PBXGroup;
			children = (
				71ED0AAC2A77E6880028B4CF /* MainPageVC + MenuVC */,
				71A6FDD12A7140850085C5AE /* MenuForMainMage */,
			);
			path = ViewControllers;
			sourceTree = "<group>";
		};
		71E772512A69591E0058068A /* MainPage */ = {
			isa = PBXGroup;
			children = (
				713807762A66D3F1007B03B8 /* MainPageViewController.swift */,
				71E772522A6959440058068A /* TasksCollectionViewCell.swift */,
				71E772572A698B020058068A /* MeetingsCollectionViewCell.swift */,
				7194893E2A6B21EE00B88036 /* CalendarPage */,
				7194893D2A6B21D800B88036 /* AddNewTaskPage */,
				71B7ACE72A6D49FB00AB2588 /* ParticularTasksOfCategory */,
			);
			path = MainPage;
			sourceTree = "<group>";
		};
		71E772542A696EE60058068A /* Resources */ = {
			isa = PBXGroup;
			children = (
				71E772552A696EFD0058068A /* Resources.swift */,
			);
			path = Resources;
			sourceTree = "<group>";
		};
		71ED0AAC2A77E6880028B4CF /* MainPageVC + MenuVC */ = {
			isa = PBXGroup;
			children = (
				71ED0AAA2A77E6800028B4CF /* MainPageContainerViewController.swift */,
				71E772512A69591E0058068A /* MainPage */,
			);
			path = "MainPageVC + MenuVC";
			sourceTree = "<group>";
		};
		F27ECAC5EAF805A65A51F337 /* Pods */ = {
			isa = PBXGroup;
			children = (
				A9BCCCD2418646EA64EEB479 /* Pods-DoOrDie.debug.xcconfig */,
				CF00326B0674DB686AAA8581 /* Pods-DoOrDie.release.xcconfig */,
			);
			path = Pods;
			sourceTree = "<group>";
		};
/* End PBXGroup section */

/* Begin PBXNativeTarget section */
		7138076E2A66D3F1007B03B8 /* DoOrDie */ = {
			isa = PBXNativeTarget;
			buildConfigurationList = 713807832A66D3F3007B03B8 /* Build configuration list for PBXNativeTarget "DoOrDie" */;
			buildPhases = (
				4932D940ABFCFFB3E8907BDD /* [CP] Check Pods Manifest.lock */,
				7138076B2A66D3F1007B03B8 /* Sources */,
				7138076C2A66D3F1007B03B8 /* Frameworks */,
				7138076D2A66D3F1007B03B8 /* Resources */,
				13BDBFA22009628D86CEC927 /* [CP] Embed Pods Frameworks */,
			);
			buildRules = (
			);
			dependencies = (
			);
			name = DoOrDie;
			productName = DoOrDie;
			productReference = 7138076F2A66D3F1007B03B8 /* DoOrDie.app */;
			productType = "com.apple.product-type.application";
		};
/* End PBXNativeTarget section */

/* Begin PBXProject section */
		713807672A66D3F0007B03B8 /* Project object */ = {
			isa = PBXProject;
			attributes = {
				BuildIndependentTargetsInParallel = 1;
				LastSwiftUpdateCheck = 1420;
				LastUpgradeCheck = 1420;
				TargetAttributes = {
					7138076E2A66D3F1007B03B8 = {
						CreatedOnToolsVersion = 14.2;
					};
				};
			};
			buildConfigurationList = 7138076A2A66D3F0007B03B8 /* Build configuration list for PBXProject "DoOrDie" */;
			compatibilityVersion = "Xcode 14.0";
			developmentRegion = en;
			hasScannedForEncodings = 0;
			knownRegions = (
				en,
				Base,
			);
			mainGroup = 713807662A66D3F0007B03B8;
			productRefGroup = 713807702A66D3F1007B03B8 /* Products */;
			projectDirPath = "";
			projectRoot = "";
			targets = (
				7138076E2A66D3F1007B03B8 /* DoOrDie */,
			);
		};
/* End PBXProject section */

/* Begin PBXResourcesBuildPhase section */
		7138076D2A66D3F1007B03B8 /* Resources */ = {
			isa = PBXResourcesBuildPhase;
			buildActionMask = 2147483647;
			files = (
				710C22E12A671FB10011ED28 /* NunitoSans-SemiBoldItalic.ttf in Resources */,
				710C22E72A671FB10011ED28 /* NunitoSans-Italic.ttf in Resources */,
				710C22DF2A671FB10011ED28 /* NunitoSans-BoldItalic.ttf in Resources */,
				710C22EA2A671FB10011ED28 /* NunitoSans-LightItalic.ttf in Resources */,
				710C22DE2A671FB10011ED28 /* NunitoSans-BlackItalic.ttf in Resources */,
				7138077F2A66D3F3007B03B8 /* LaunchScreen.storyboard in Resources */,
				710C22E62A671FB10011ED28 /* NunitoSans-ExtraLightItalic.ttf in Resources */,
				710C22E92A671FB10011ED28 /* SIL Open Font License.txt in Resources */,
				710C22E22A671FB10011ED28 /* NunitoSans-Black.ttf in Resources */,
				710C22E52A671FB10011ED28 /* NunitoSans-Regular.ttf in Resources */,
				710C22EB2A671FB10011ED28 /* NunitoSans-SemiBold.ttf in Resources */,
				710C22DD2A671FB10011ED28 /* NunitoSans-ExtraBold.ttf in Resources */,
				710C22E82A671FB10011ED28 /* NunitoSans-Light.ttf in Resources */,
				710C22E42A671FB10011ED28 /* NunitoSans-ExtraLight.ttf in Resources */,
				710C22E32A671FB10011ED28 /* NunitoSans-Bold.ttf in Resources */,
				710C22E02A671FB10011ED28 /* NunitoSans-ExtraBoldItalic.ttf in Resources */,
				7138077C2A66D3F3007B03B8 /* Assets.xcassets in Resources */,
			);
			runOnlyForDeploymentPostprocessing = 0;
		};
/* End PBXResourcesBuildPhase section */

/* Begin PBXShellScriptBuildPhase section */
		13BDBFA22009628D86CEC927 /* [CP] Embed Pods Frameworks */ = {
			isa = PBXShellScriptBuildPhase;
			buildActionMask = 2147483647;
			files = (
			);
			inputFileListPaths = (
				"${PODS_ROOT}/Target Support Files/Pods-DoOrDie/Pods-DoOrDie-frameworks-${CONFIGURATION}-input-files.xcfilelist",
			);
			name = "[CP] Embed Pods Frameworks";
			outputFileListPaths = (
				"${PODS_ROOT}/Target Support Files/Pods-DoOrDie/Pods-DoOrDie-frameworks-${CONFIGURATION}-output-files.xcfilelist",
			);
			runOnlyForDeploymentPostprocessing = 0;
			shellPath = /bin/sh;
			shellScript = "\"${PODS_ROOT}/Target Support Files/Pods-DoOrDie/Pods-DoOrDie-frameworks.sh\"\n";
			showEnvVarsInLog = 0;
		};
		4932D940ABFCFFB3E8907BDD /* [CP] Check Pods Manifest.lock */ = {
			isa = PBXShellScriptBuildPhase;
			buildActionMask = 2147483647;
			files = (
			);
			inputFileListPaths = (
			);
			inputPaths = (
				"${PODS_PODFILE_DIR_PATH}/Podfile.lock",
				"${PODS_ROOT}/Manifest.lock",
			);
			name = "[CP] Check Pods Manifest.lock";
			outputFileListPaths = (
			);
			outputPaths = (
				"$(DERIVED_FILE_DIR)/Pods-DoOrDie-checkManifestLockResult.txt",
			);
			runOnlyForDeploymentPostprocessing = 0;
			shellPath = /bin/sh;
			shellScript = "diff \"${PODS_PODFILE_DIR_PATH}/Podfile.lock\" \"${PODS_ROOT}/Manifest.lock\" > /dev/null\nif [ $? != 0 ] ; then\n    # print error to STDERR\n    echo \"error: The sandbox is not in sync with the Podfile.lock. Run 'pod install' or update your CocoaPods installation.\" >&2\n    exit 1\nfi\n# This output is used by Xcode 'outputs' to avoid re-running this script phase.\necho \"SUCCESS\" > \"${SCRIPT_OUTPUT_FILE_0}\"\n";
			showEnvVarsInLog = 0;
		};
/* End PBXShellScriptBuildPhase section */

/* Begin PBXSourcesBuildPhase section */
		7138076B2A66D3F1007B03B8 /* Sources */ = {
			isa = PBXSourcesBuildPhase;
			buildActionMask = 2147483647;
			files = (
				71A6FDD02A7128FA0085C5AE /* CellForMenuTableView.swift in Sources */,
				71ED0AAB2A77E6800028B4CF /* MainPageContainerViewController.swift in Sources */,
				719489402A6B221800B88036 /* CalendarViewController.swift in Sources */,
				713807772A66D3F1007B03B8 /* MainPageViewController.swift in Sources */,
				71E772532A6959440058068A /* TasksCollectionViewCell.swift in Sources */,
				715EC35A2A792CE100E02306 /* AccountPageViewController.swift in Sources */,
				71B7ACE32A6D430F00AB2588 /* ParticularTasksOfCategoryVIewController.swift in Sources */,
				71B7ACE62A6D441500AB2588 /* TaskModel.swift in Sources */,
				71A6FDCE2A7123190085C5AE /* MenuViewController.swift in Sources */,
				71A6FDD42A714F4F0085C5AE /* BasketPageViewController.swift in Sources */,
				713807732A66D3F1007B03B8 /* AppDelegate.swift in Sources */,
				71E772562A696EFD0058068A /* Resources.swift in Sources */,
				712611EB2A6B2F6400EACFF9 /* CustomCalendar.swift in Sources */,
				71E7725A2A699E650058068A /* AddNewTaskViewController.swift in Sources */,
				71E772582A698B020058068A /* MeetingsCollectionViewCell.swift in Sources */,
				71B7ACE92A6D4A2B00AB2588 /* ParticularTableViewCell.swift in Sources */,
				71A6FDD62A7153F20085C5AE /* DeletedTasksCell.swift in Sources */,
				713807752A66D3F1007B03B8 /* SceneDelegate.swift in Sources */,
			);
			runOnlyForDeploymentPostprocessing = 0;
		};
/* End PBXSourcesBuildPhase section */

/* Begin PBXVariantGroup section */
		7138077D2A66D3F3007B03B8 /* LaunchScreen.storyboard */ = {
			isa = PBXVariantGroup;
			children = (
				7138077E2A66D3F3007B03B8 /* Base */,
			);
			name = LaunchScreen.storyboard;
			sourceTree = "<group>";
		};
/* End PBXVariantGroup section */

/* Begin XCBuildConfiguration section */
		713807812A66D3F3007B03B8 /* Debug */ = {
			isa = XCBuildConfiguration;
			buildSettings = {
				ALWAYS_SEARCH_USER_PATHS = NO;
				CLANG_ANALYZER_NONNULL = YES;
				CLANG_ANALYZER_NUMBER_OBJECT_CONVERSION = YES_AGGRESSIVE;
				CLANG_CXX_LANGUAGE_STANDARD = "gnu++20";
				CLANG_ENABLE_MODULES = YES;
				CLANG_ENABLE_OBJC_ARC = YES;
				CLANG_ENABLE_OBJC_WEAK = YES;
				CLANG_WARN_BLOCK_CAPTURE_AUTORELEASING = YES;
				CLANG_WARN_BOOL_CONVERSION = YES;
				CLANG_WARN_COMMA = YES;
				CLANG_WARN_CONSTANT_CONVERSION = YES;
				CLANG_WARN_DEPRECATED_OBJC_IMPLEMENTATIONS = YES;
				CLANG_WARN_DIRECT_OBJC_ISA_USAGE = YES_ERROR;
				CLANG_WARN_DOCUMENTATION_COMMENTS = YES;
				CLANG_WARN_EMPTY_BODY = YES;
				CLANG_WARN_ENUM_CONVERSION = YES;
				CLANG_WARN_INFINITE_RECURSION = YES;
				CLANG_WARN_INT_CONVERSION = YES;
				CLANG_WARN_NON_LITERAL_NULL_CONVERSION = YES;
				CLANG_WARN_OBJC_IMPLICIT_RETAIN_SELF = YES;
				CLANG_WARN_OBJC_LITERAL_CONVERSION = YES;
				CLANG_WARN_OBJC_ROOT_CLASS = YES_ERROR;
				CLANG_WARN_QUOTED_INCLUDE_IN_FRAMEWORK_HEADER = YES;
				CLANG_WARN_RANGE_LOOP_ANALYSIS = YES;
				CLANG_WARN_STRICT_PROTOTYPES = YES;
				CLANG_WARN_SUSPICIOUS_MOVE = YES;
				CLANG_WARN_UNGUARDED_AVAILABILITY = YES_AGGRESSIVE;
				CLANG_WARN_UNREACHABLE_CODE = YES;
				CLANG_WARN__DUPLICATE_METHOD_MATCH = YES;
				COPY_PHASE_STRIP = NO;
				DEBUG_INFORMATION_FORMAT = dwarf;
				ENABLE_STRICT_OBJC_MSGSEND = YES;
				ENABLE_TESTABILITY = YES;
				GCC_C_LANGUAGE_STANDARD = gnu11;
				GCC_DYNAMIC_NO_PIC = NO;
				GCC_NO_COMMON_BLOCKS = YES;
				GCC_OPTIMIZATION_LEVEL = 0;
				GCC_PREPROCESSOR_DEFINITIONS = (
					"DEBUG=1",
					"$(inherited)",
				);
				GCC_WARN_64_TO_32_BIT_CONVERSION = YES;
				GCC_WARN_ABOUT_RETURN_TYPE = YES_ERROR;
				GCC_WARN_UNDECLARED_SELECTOR = YES;
				GCC_WARN_UNINITIALIZED_AUTOS = YES_AGGRESSIVE;
				GCC_WARN_UNUSED_FUNCTION = YES;
				GCC_WARN_UNUSED_VARIABLE = YES;
				IPHONEOS_DEPLOYMENT_TARGET = 16.2;
				MTL_ENABLE_DEBUG_INFO = INCLUDE_SOURCE;
				MTL_FAST_MATH = YES;
				ONLY_ACTIVE_ARCH = YES;
				SDKROOT = iphoneos;
				SWIFT_ACTIVE_COMPILATION_CONDITIONS = DEBUG;
				SWIFT_OPTIMIZATION_LEVEL = "-Onone";
			};
			name = Debug;
		};
		713807822A66D3F3007B03B8 /* Release */ = {
			isa = XCBuildConfiguration;
			buildSettings = {
				ALWAYS_SEARCH_USER_PATHS = NO;
				CLANG_ANALYZER_NONNULL = YES;
				CLANG_ANALYZER_NUMBER_OBJECT_CONVERSION = YES_AGGRESSIVE;
				CLANG_CXX_LANGUAGE_STANDARD = "gnu++20";
				CLANG_ENABLE_MODULES = YES;
				CLANG_ENABLE_OBJC_ARC = YES;
				CLANG_ENABLE_OBJC_WEAK = YES;
				CLANG_WARN_BLOCK_CAPTURE_AUTORELEASING = YES;
				CLANG_WARN_BOOL_CONVERSION = YES;
				CLANG_WARN_COMMA = YES;
				CLANG_WARN_CONSTANT_CONVERSION = YES;
				CLANG_WARN_DEPRECATED_OBJC_IMPLEMENTATIONS = YES;
				CLANG_WARN_DIRECT_OBJC_ISA_USAGE = YES_ERROR;
				CLANG_WARN_DOCUMENTATION_COMMENTS = YES;
				CLANG_WARN_EMPTY_BODY = YES;
				CLANG_WARN_ENUM_CONVERSION = YES;
				CLANG_WARN_INFINITE_RECURSION = YES;
				CLANG_WARN_INT_CONVERSION = YES;
				CLANG_WARN_NON_LITERAL_NULL_CONVERSION = YES;
				CLANG_WARN_OBJC_IMPLICIT_RETAIN_SELF = YES;
				CLANG_WARN_OBJC_LITERAL_CONVERSION = YES;
				CLANG_WARN_OBJC_ROOT_CLASS = YES_ERROR;
				CLANG_WARN_QUOTED_INCLUDE_IN_FRAMEWORK_HEADER = YES;
				CLANG_WARN_RANGE_LOOP_ANALYSIS = YES;
				CLANG_WARN_STRICT_PROTOTYPES = YES;
				CLANG_WARN_SUSPICIOUS_MOVE = YES;
				CLANG_WARN_UNGUARDED_AVAILABILITY = YES_AGGRESSIVE;
				CLANG_WARN_UNREACHABLE_CODE = YES;
				CLANG_WARN__DUPLICATE_METHOD_MATCH = YES;
				COPY_PHASE_STRIP = NO;
				DEBUG_INFORMATION_FORMAT = "dwarf-with-dsym";
				ENABLE_NS_ASSERTIONS = NO;
				ENABLE_STRICT_OBJC_MSGSEND = YES;
				GCC_C_LANGUAGE_STANDARD = gnu11;
				GCC_NO_COMMON_BLOCKS = YES;
				GCC_WARN_64_TO_32_BIT_CONVERSION = YES;
				GCC_WARN_ABOUT_RETURN_TYPE = YES_ERROR;
				GCC_WARN_UNDECLARED_SELECTOR = YES;
				GCC_WARN_UNINITIALIZED_AUTOS = YES_AGGRESSIVE;
				GCC_WARN_UNUSED_FUNCTION = YES;
				GCC_WARN_UNUSED_VARIABLE = YES;
				IPHONEOS_DEPLOYMENT_TARGET = 16.2;
				MTL_ENABLE_DEBUG_INFO = NO;
				MTL_FAST_MATH = YES;
				SDKROOT = iphoneos;
				SWIFT_COMPILATION_MODE = wholemodule;
				SWIFT_OPTIMIZATION_LEVEL = "-O";
				VALIDATE_PRODUCT = YES;
			};
			name = Release;
		};
		713807842A66D3F3007B03B8 /* Debug */ = {
			isa = XCBuildConfiguration;
			baseConfigurationReference = A9BCCCD2418646EA64EEB479 /* Pods-DoOrDie.debug.xcconfig */;
			buildSettings = {
				ASSETCATALOG_COMPILER_APPICON_NAME = AppIcon;
				ASSETCATALOG_COMPILER_GLOBAL_ACCENT_COLOR_NAME = AccentColor;
				CODE_SIGN_STYLE = Automatic;
				CURRENT_PROJECT_VERSION = 1;
				DEVELOPMENT_TEAM = 8U5JRPA4B7;
				GENERATE_INFOPLIST_FILE = YES;
				INFOPLIST_FILE = DoOrDie/SupportingFiles/Info.plist;
				INFOPLIST_KEY_UIApplicationSupportsIndirectInputEvents = YES;
				INFOPLIST_KEY_UILaunchStoryboardName = LaunchScreen;
				INFOPLIST_KEY_UIMainStoryboardFile = "";
				INFOPLIST_KEY_UISupportedInterfaceOrientations = UIInterfaceOrientationPortrait;
				IPHONEOS_DEPLOYMENT_TARGET = 16.0;
				LD_RUNPATH_SEARCH_PATHS = (
					"$(inherited)",
					"@executable_path/Frameworks",
				);
				MARKETING_VERSION = 1.0;
				PRODUCT_BUNDLE_IDENTIFIER = PipsNotSolution.DoOrDie;
				PRODUCT_NAME = "$(TARGET_NAME)";
				SWIFT_EMIT_LOC_STRINGS = YES;
				SWIFT_VERSION = 5.0;
				TARGETED_DEVICE_FAMILY = "1,2";
			};
			name = Debug;
		};
		713807852A66D3F3007B03B8 /* Release */ = {
			isa = XCBuildConfiguration;
			baseConfigurationReference = CF00326B0674DB686AAA8581 /* Pods-DoOrDie.release.xcconfig */;
			buildSettings = {
				ASSETCATALOG_COMPILER_APPICON_NAME = AppIcon;
				ASSETCATALOG_COMPILER_GLOBAL_ACCENT_COLOR_NAME = AccentColor;
				CODE_SIGN_STYLE = Automatic;
				CURRENT_PROJECT_VERSION = 1;
				DEVELOPMENT_TEAM = 8U5JRPA4B7;
				GENERATE_INFOPLIST_FILE = YES;
				INFOPLIST_FILE = DoOrDie/SupportingFiles/Info.plist;
				INFOPLIST_KEY_UIApplicationSupportsIndirectInputEvents = YES;
				INFOPLIST_KEY_UILaunchStoryboardName = LaunchScreen;
				INFOPLIST_KEY_UIMainStoryboardFile = "";
				INFOPLIST_KEY_UISupportedInterfaceOrientations = UIInterfaceOrientationPortrait;
				IPHONEOS_DEPLOYMENT_TARGET = 16.0;
				LD_RUNPATH_SEARCH_PATHS = (
					"$(inherited)",
					"@executable_path/Frameworks",
				);
				MARKETING_VERSION = 1.0;
				PRODUCT_BUNDLE_IDENTIFIER = PipsNotSolution.DoOrDie;
				PRODUCT_NAME = "$(TARGET_NAME)";
				SWIFT_EMIT_LOC_STRINGS = YES;
				SWIFT_VERSION = 5.0;
				TARGETED_DEVICE_FAMILY = "1,2";
			};
			name = Release;
		};
/* End XCBuildConfiguration section */

/* Begin XCConfigurationList section */
		7138076A2A66D3F0007B03B8 /* Build configuration list for PBXProject "DoOrDie" */ = {
			isa = XCConfigurationList;
			buildConfigurations = (
				713807812A66D3F3007B03B8 /* Debug */,
				713807822A66D3F3007B03B8 /* Release */,
			);
			defaultConfigurationIsVisible = 0;
			defaultConfigurationName = Release;
		};
		713807832A66D3F3007B03B8 /* Build configuration list for PBXNativeTarget "DoOrDie" */ = {
			isa = XCConfigurationList;
			buildConfigurations = (
				713807842A66D3F3007B03B8 /* Debug */,
				713807852A66D3F3007B03B8 /* Release */,
			);
			defaultConfigurationIsVisible = 0;
			defaultConfigurationName = Release;
		};
/* End XCConfigurationList section */
	};
	rootObject = 713807672A66D3F0007B03B8 /* Project object */;
}
